
Microsoft Visual Studio Solution File, Format Version 12.00
# Visual Studio 2013
VisualStudioVersion = 12.0.30110.0
MinimumVisualStudioVersion = 10.0.40219.1
Project("{FAE04EC0-301F-11D3-BF4B-00C04F79EFBC}") = "HotkeyLib", "HotkeyLib\HotkeyLib.csproj", "{09823DA8-C587-4363-95F1-CD99F4D0A678}"
EndProject
Project("{FAE04EC0-301F-11D3-BF4B-00C04F79EFBC}") = "GlobalHotkeyManager", "GlobalHotkeyManager\GlobalHotkeyManager.csproj", "{82410350-812B-420D-A6C8-03CF1937D5D7}"
EndProject
Project("{FAE04EC0-301F-11D3-BF4B-00C04F79EFBC}") = "GlobalHotkeyPluginLib", "GlobalHotkeyPluginLib\GlobalHotkeyPluginLib.csproj", "{BC16D7E1-F7CE-44CF-B33C-ADC26A0486F7}"
EndProject
Project("{2150E333-8FDC-42A3-9474-1A3956D46DE8}") = "_Plugins", "_Plugins", "{F8C71530-CB38-48F1-ABE0-25F550F7352A}"
EndProject
Project("{FAE04EC0-301F-11D3-BF4B-00C04F79EFBC}") = "WindowOrganizer", "_Plugins\WindowOrganizer\WindowOrganizer.csproj", "{FA62BCD8-B8F0-49AC-BA6A-B1F628E81BB9}"
EndProject
Project("{FAE04EC0-301F-11D3-BF4B-00C04F79EFBC}") = "WindowOrganizer.Tests", "_Plugins\WindowOrganizer.Tests\WindowOrganizer.Tests.csproj", "{E8949D86-98F1-4522-B961-BB4F83D94E63}"
EndProject
Global
	GlobalSection(SolutionConfigurationPlatforms) = preSolution
		Debug|Any CPU = Debug|Any CPU
		Release|Any CPU = Release|Any CPU
	EndGlobalSection
	GlobalSection(ProjectConfigurationPlatforms) = postSolution
		{09823DA8-C587-4363-95F1-CD99F4D0A678}.Debug|Any CPU.ActiveCfg = Debug|Any CPU
		{09823DA8-C587-4363-95F1-CD99F4D0A678}.Debug|Any CPU.Build.0 = Debug|Any CPU
		{09823DA8-C587-4363-95F1-CD99F4D0A678}.Release|Any CPU.ActiveCfg = Release|Any CPU
		{09823DA8-C587-4363-95F1-CD99F4D0A678}.Release|Any CPU.Build.0 = Release|Any CPU
		{82410350-812B-420D-A6C8-03CF1937D5D7}.Debug|Any CPU.ActiveCfg = Debug|Any CPU
		{82410350-812B-420D-A6C8-03CF1937D5D7}.Debug|Any CPU.Build.0 = Debug|Any CPU
		{82410350-812B-420D-A6C8-03CF1937D5D7}.Release|Any CPU.ActiveCfg = Release|Any CPU
		{82410350-812B-420D-A6C8-03CF1937D5D7}.Release|Any CPU.Build.0 = Release|Any CPU
		{BC16D7E1-F7CE-44CF-B33C-ADC26A0486F7}.Debug|Any CPU.ActiveCfg = Debug|Any CPU
		{BC16D7E1-F7CE-44CF-B33C-ADC26A0486F7}.Debug|Any CPU.Build.0 = Debug|Any CPU
		{BC16D7E1-F7CE-44CF-B33C-ADC26A0486F7}.Release|Any CPU.ActiveCfg = Release|Any CPU
		{BC16D7E1-F7CE-44CF-B33C-ADC26A0486F7}.Release|Any CPU.Build.0 = Release|Any CPU
		{FA62BCD8-B8F0-49AC-BA6A-B1F628E81BB9}.Debug|Any CPU.ActiveCfg = Debug|Any CPU
		{FA62BCD8-B8F0-49AC-BA6A-B1F628E81BB9}.Debug|Any CPU.Build.0 = Debug|Any CPU
		{FA62BCD8-B8F0-49AC-BA6A-B1F628E81BB9}.Release|Any CPU.ActiveCfg = Release|Any CPU
		{FA62BCD8-B8F0-49AC-BA6A-B1F628E81BB9}.Release|Any CPU.Build.0 = Release|Any CPU
		{E8949D86-98F1-4522-B961-BB4F83D94E63}.Debug|Any CPU.ActiveCfg = Debug|Any CPU
		{E8949D86-98F1-4522-B961-BB4F83D94E63}.Debug|Any CPU.Build.0 = Debug|Any CPU
		{E8949D86-98F1-4522-B961-BB4F83D94E63}.Release|Any CPU.ActiveCfg = Release|Any CPU
		{E8949D86-98F1-4522-B961-BB4F83D94E63}.Release|Any CPU.Build.0 = Release|Any CPU
	EndGlobalSection
	GlobalSection(SolutionProperties) = preSolution
		HideSolutionNode = FALSE
	EndGlobalSection
	GlobalSection(NestedProjects) = preSolution
		{FA62BCD8-B8F0-49AC-BA6A-B1F628E81BB9} = {F8C71530-CB38-48F1-ABE0-25F550F7352A}
		{E8949D86-98F1-4522-B961-BB4F83D94E63} = {F8C71530-CB38-48F1-ABE0-25F550F7352A}
	EndGlobalSection
EndGlobal
